
Microsoft Visual Studio Solution File, Format Version 12.00
# Visual Studio Version 17
VisualStudioVersion = 17.5.33424.131
MinimumVisualStudioVersion = 10.0.40219.1
Project("{FAE04EC0-301F-11D3-BF4B-00C04F79EFBC}") = "HospitalProject", "HospitalProject.csproj", "{C23213B0-9F04-4046-A64D-D922E2D96982}"
EndProject
Project("{FAE04EC0-301F-11D3-BF4B-00C04F79EFBC}") = "Hospital.BLL", "..\Hospital.BLL\Hospital.BLL.csproj", "{0526D86A-5123-45B2-A5F0-23BE9C6C9FFD}"
EndProject
Project("{FAE04EC0-301F-11D3-BF4B-00C04F79EFBC}") = "Hospital.DAL", "..\Hospital.DAL\Hospital.DAL.csproj", "{F5C857FD-8DAE-4924-99F0-540F9D88A00F}"
EndProject
Global
	GlobalSection(SolutionConfigurationPlatforms) = preSolution
		Debug|Any CPU = Debug|Any CPU
		Release|Any CPU = Release|Any CPU
	EndGlobalSection
	GlobalSection(ProjectConfigurationPlatforms) = postSolution
		{C23213B0-9F04-4046-A64D-D922E2D96982}.Debug|Any CPU.ActiveCfg = Debug|Any CPU
		{C23213B0-9F04-4046-A64D-D922E2D96982}.Debug|Any CPU.Build.0 = Debug|Any CPU
		{C23213B0-9F04-4046-A64D-D922E2D96982}.Release|Any CPU.ActiveCfg = Release|Any CPU
		{C23213B0-9F04-4046-A64D-D922E2D96982}.Release|Any CPU.Build.0 = Release|Any CPU
		{0526D86A-5123-45B2-A5F0-23BE9C6C9FFD}.Debug|Any CPU.ActiveCfg = Debug|Any CPU
		{0526D86A-5123-45B2-A5F0-23BE9C6C9FFD}.Debug|Any CPU.Build.0 = Debug|Any CPU
		{0526D86A-5123-45B2-A5F0-23BE9C6C9FFD}.Release|Any CPU.ActiveCfg = Release|Any CPU
		{0526D86A-5123-45B2-A5F0-23BE9C6C9FFD}.Release|Any CPU.Build.0 = Release|Any CPU
		{F5C857FD-8DAE-4924-99F0-540F9D88A00F}.Debug|Any CPU.ActiveCfg = Debug|Any CPU
		{F5C857FD-8DAE-4924-99F0-540F9D88A00F}.Debug|Any CPU.Build.0 = Debug|Any CPU
		{F5C857FD-8DAE-4924-99F0-540F9D88A00F}.Release|Any CPU.ActiveCfg = Release|Any CPU
		{F5C857FD-8DAE-4924-99F0-540F9D88A00F}.Release|Any CPU.Build.0 = Release|Any CPU
	EndGlobalSection
	GlobalSection(SolutionProperties) = preSolution
		HideSolutionNode = FALSE
	EndGlobalSection
	GlobalSection(ExtensibilityGlobals) = postSolution
		SolutionGuid = {23219E79-5DBB-4690-9BA8-BC001881B376}
	EndGlobalSection
EndGlobal
